<?xml version="1.0" encoding="utf-8"?>
<Project ToolsVersion="4.0" xmlns="http://schemas.microsoft.com/developer/msbuild/2003">
  <ItemGroup>
    <Filter Include="Source Files">
      <UniqueIdentifier>{02b64652-8d4c-4299-b243-e406a2d164af}</UniqueIdentifier>
      <Extensions>cpp;c;cxx;rc;def;r;odl;idl;hpj;bat</Extensions>
    </Filter>
    <Filter Include="Header Files">
      <UniqueIdentifier>{26f568f7-52df-47a5-94ca-108498835366}</UniqueIdentifier>
      <Extensions>h;hpp;hxx;hm;inl</Extensions>
    </Filter>
  </ItemGroup>
  <ItemGroup>
    <ClCompile Include="..\..\LOG.c">
      <Filter>Source Files</Filter>
    </ClCompile>
    <ClCompile Include="..\..\LOGCONF.c">
      <Filter>Source Files</Filter>
    </ClCompile>
    <ClCompile Include="..\..\LOGS.c">
      <Filter>Source Files</Filter>
    </ClCompile>
    <ClCompile Include="..\..\LOGSCONF.c">
      <Filter>Source Files</Filter>
    </ClCompile>
  </ItemGroup>
  <ItemGroup>
    <ClInclude Include="..\..\LOG.h">
      <Filter>Header Files</Filter>
    </ClInclude>
    <ClInclude Include="..\..\LOGCONF.h">
      <Filter>Header Files</Filter>
    </ClInclude>
    <ClInclude Include="..\..\LOGS.h">
      <Filter>Header Files</Filter>
    </ClInclude>
    <ClInclude Include="..\..\LOGSCONF.h">
      <Filter>Header Files</Filter>
    </ClInclude>
  </ItemGroup>
</Project>